
Microsoft Visual Studio Solution File, Format Version 12.00
# Visual Studio 15
VisualStudioVersion = 15.0.26403.7
MinimumVisualStudioVersion = 10.0.40219.1
Project("{FAE04EC0-301F-11D3-BF4B-00C04F79EFBC}") = "SpeckleGrasshopper", "SpeckleGrasshopper.csproj", "{82EC14D9-01C7-46C7-8600-DB75F871740D}"
EndProject
Global
	GlobalSection(SolutionConfigurationPlatforms) = preSolution
		Debug32|Any CPU = Debug32|Any CPU
		Debug64|Any CPU = Debug64|Any CPU
		Release|Any CPU = Release|Any CPU
	EndGlobalSection
	GlobalSection(ProjectConfigurationPlatforms) = postSolution
		{82EC14D9-01C7-46C7-8600-DB75F871740D}.Debug32|Any CPU.ActiveCfg = Debug32|Any CPU
		{82EC14D9-01C7-46C7-8600-DB75F871740D}.Debug32|Any CPU.Build.0 = Debug32|Any CPU
		{82EC14D9-01C7-46C7-8600-DB75F871740D}.Debug64|Any CPU.ActiveCfg = Debug64|Any CPU
		{82EC14D9-01C7-46C7-8600-DB75F871740D}.Debug64|Any CPU.Build.0 = Debug64|Any CPU
		{82EC14D9-01C7-46C7-8600-DB75F871740D}.Release|Any CPU.ActiveCfg = Release|Any CPU
		{82EC14D9-01C7-46C7-8600-DB75F871740D}.Release|Any CPU.Build.0 = Release|Any CPU
	EndGlobalSection
	GlobalSection(SolutionProperties) = preSolution
		HideSolutionNode = FALSE
	EndGlobalSection
EndGlobal
