
Microsoft Visual Studio Solution File, Format Version 12.00
# Visual Studio 15
VisualStudioVersion = 15.0.26730.10
MinimumVisualStudioVersion = 10.0.40219.1
Project("{FAE04EC0-301F-11D3-BF4B-00C04F79EFBC}") = "SpeckleGrasshopper", "SpeckleGrasshopper.csproj", "{82EC14D9-01C7-46C7-8600-DB75F871740D}"
	ProjectSection(ProjectDependencies) = postProject
		{46948630-9BB9-4624-8BF9-C866F2B52674} = {46948630-9BB9-4624-8BF9-C866F2B52674}
		{E967A1E1-37FF-4394-B793-6987A7958016} = {E967A1E1-37FF-4394-B793-6987A7958016}
	EndProjectSection
EndProject
Project("{FAE04EC0-301F-11D3-BF4B-00C04F79EFBC}") = "SpeckleRhinoConverter", "..\SpeckleRhinoConverter\SpeckleRhinoConverter.csproj", "{E967A1E1-37FF-4394-B793-6987A7958016}"
EndProject
Project("{FAE04EC0-301F-11D3-BF4B-00C04F79EFBC}") = "SpecklePopup", "..\SpeckleAccountManager\SpecklePopup.csproj", "{D65594C8-EA2E-46CA-A756-B1634EDC3AE3}"
EndProject
Project("{FAE04EC0-301F-11D3-BF4B-00C04F79EFBC}") = "SpeckleUserData", "..\SpeckleUserDataUtils\SpeckleUserData.csproj", "{46948630-9BB9-4624-8BF9-C866F2B52674}"
	ProjectSection(ProjectDependencies) = postProject
		{CFE27D3D-8A1A-43F9-9387-8FD9E119E174} = {CFE27D3D-8A1A-43F9-9387-8FD9E119E174}
		{E967A1E1-37FF-4394-B793-6987A7958016} = {E967A1E1-37FF-4394-B793-6987A7958016}
	EndProjectSection
EndProject
Project("{FAE04EC0-301F-11D3-BF4B-00C04F79EFBC}") = "SpeckleCore", "..\SpeckleCore\SpeckleCore\SpeckleCore.csproj", "{CFE27D3D-8A1A-43F9-9387-8FD9E119E174}"
EndProject
Global
	GlobalSection(SolutionConfigurationPlatforms) = preSolution
		Debug|Any CPU = Debug|Any CPU
		Debug|x64 = Debug|x64
		Debug32|Any CPU = Debug32|Any CPU
		Debug32|x64 = Debug32|x64
		Debug64|Any CPU = Debug64|Any CPU
		Debug64|x64 = Debug64|x64
		Release|Any CPU = Release|Any CPU
		Release|x64 = Release|x64
	EndGlobalSection
	GlobalSection(ProjectConfigurationPlatforms) = postSolution
		{82EC14D9-01C7-46C7-8600-DB75F871740D}.Debug|Any CPU.ActiveCfg = Debug|Any CPU
		{82EC14D9-01C7-46C7-8600-DB75F871740D}.Debug|Any CPU.Build.0 = Debug|Any CPU
		{82EC14D9-01C7-46C7-8600-DB75F871740D}.Debug|x64.ActiveCfg = Debug|x64
		{82EC14D9-01C7-46C7-8600-DB75F871740D}.Debug|x64.Build.0 = Debug|x64
		{82EC14D9-01C7-46C7-8600-DB75F871740D}.Debug32|Any CPU.ActiveCfg = Debug|Any CPU
		{82EC14D9-01C7-46C7-8600-DB75F871740D}.Debug32|Any CPU.Build.0 = Debug|Any CPU
		{82EC14D9-01C7-46C7-8600-DB75F871740D}.Debug32|x64.ActiveCfg = Debug|x64
		{82EC14D9-01C7-46C7-8600-DB75F871740D}.Debug32|x64.Build.0 = Debug|x64
		{82EC14D9-01C7-46C7-8600-DB75F871740D}.Debug64|Any CPU.ActiveCfg = Debug|Any CPU
		{82EC14D9-01C7-46C7-8600-DB75F871740D}.Debug64|Any CPU.Build.0 = Debug|Any CPU
		{82EC14D9-01C7-46C7-8600-DB75F871740D}.Debug64|x64.ActiveCfg = Debug|x64
		{82EC14D9-01C7-46C7-8600-DB75F871740D}.Debug64|x64.Build.0 = Debug|x64
		{82EC14D9-01C7-46C7-8600-DB75F871740D}.Release|Any CPU.ActiveCfg = Release|Any CPU
		{82EC14D9-01C7-46C7-8600-DB75F871740D}.Release|Any CPU.Build.0 = Release|Any CPU
		{82EC14D9-01C7-46C7-8600-DB75F871740D}.Release|x64.ActiveCfg = Release|x64
		{82EC14D9-01C7-46C7-8600-DB75F871740D}.Release|x64.Build.0 = Release|x64
		{E967A1E1-37FF-4394-B793-6987A7958016}.Debug|Any CPU.ActiveCfg = Debug|Any CPU
		{E967A1E1-37FF-4394-B793-6987A7958016}.Debug|Any CPU.Build.0 = Debug|Any CPU
		{E967A1E1-37FF-4394-B793-6987A7958016}.Debug|Any CPU.Deploy.0 = Debug|Any CPU
		{E967A1E1-37FF-4394-B793-6987A7958016}.Debug|x64.ActiveCfg = Debug|x64
		{E967A1E1-37FF-4394-B793-6987A7958016}.Debug|x64.Build.0 = Debug|x64
		{E967A1E1-37FF-4394-B793-6987A7958016}.Debug32|Any CPU.ActiveCfg = Debug|Any CPU
		{E967A1E1-37FF-4394-B793-6987A7958016}.Debug32|Any CPU.Build.0 = Debug|Any CPU
		{E967A1E1-37FF-4394-B793-6987A7958016}.Debug32|x64.ActiveCfg = Debug|x64
		{E967A1E1-37FF-4394-B793-6987A7958016}.Debug32|x64.Build.0 = Debug|x64
		{E967A1E1-37FF-4394-B793-6987A7958016}.Debug64|Any CPU.ActiveCfg = Debug|Any CPU
		{E967A1E1-37FF-4394-B793-6987A7958016}.Debug64|Any CPU.Build.0 = Debug|Any CPU
		{E967A1E1-37FF-4394-B793-6987A7958016}.Debug64|x64.ActiveCfg = Debug|x64
		{E967A1E1-37FF-4394-B793-6987A7958016}.Debug64|x64.Build.0 = Debug|x64
		{E967A1E1-37FF-4394-B793-6987A7958016}.Release|Any CPU.ActiveCfg = Release|Any CPU
		{E967A1E1-37FF-4394-B793-6987A7958016}.Release|Any CPU.Build.0 = Release|Any CPU
		{E967A1E1-37FF-4394-B793-6987A7958016}.Release|x64.ActiveCfg = Release|x64
		{E967A1E1-37FF-4394-B793-6987A7958016}.Release|x64.Build.0 = Release|x64
		{D65594C8-EA2E-46CA-A756-B1634EDC3AE3}.Debug|Any CPU.ActiveCfg = Debug|Any CPU
		{D65594C8-EA2E-46CA-A756-B1634EDC3AE3}.Debug|Any CPU.Build.0 = Debug|Any CPU
		{D65594C8-EA2E-46CA-A756-B1634EDC3AE3}.Debug|x64.ActiveCfg = Debug|Any CPU
		{D65594C8-EA2E-46CA-A756-B1634EDC3AE3}.Debug|x64.Build.0 = Debug|Any CPU
		{D65594C8-EA2E-46CA-A756-B1634EDC3AE3}.Debug32|Any CPU.ActiveCfg = Debug|Any CPU
		{D65594C8-EA2E-46CA-A756-B1634EDC3AE3}.Debug32|Any CPU.Build.0 = Debug|Any CPU
		{D65594C8-EA2E-46CA-A756-B1634EDC3AE3}.Debug32|x64.ActiveCfg = Debug|Any CPU
		{D65594C8-EA2E-46CA-A756-B1634EDC3AE3}.Debug32|x64.Build.0 = Debug|Any CPU
		{D65594C8-EA2E-46CA-A756-B1634EDC3AE3}.Debug64|Any CPU.ActiveCfg = Debug|Any CPU
		{D65594C8-EA2E-46CA-A756-B1634EDC3AE3}.Debug64|Any CPU.Build.0 = Debug|Any CPU
		{D65594C8-EA2E-46CA-A756-B1634EDC3AE3}.Debug64|x64.ActiveCfg = Debug|Any CPU
		{D65594C8-EA2E-46CA-A756-B1634EDC3AE3}.Debug64|x64.Build.0 = Debug|Any CPU
		{D65594C8-EA2E-46CA-A756-B1634EDC3AE3}.Release|Any CPU.ActiveCfg = Release|Any CPU
		{D65594C8-EA2E-46CA-A756-B1634EDC3AE3}.Release|Any CPU.Build.0 = Release|Any CPU
		{D65594C8-EA2E-46CA-A756-B1634EDC3AE3}.Release|x64.ActiveCfg = Release|Any CPU
		{D65594C8-EA2E-46CA-A756-B1634EDC3AE3}.Release|x64.Build.0 = Release|Any CPU
		{46948630-9BB9-4624-8BF9-C866F2B52674}.Debug|Any CPU.ActiveCfg = Debug64|Any CPU
		{46948630-9BB9-4624-8BF9-C866F2B52674}.Debug|Any CPU.Build.0 = Debug64|Any CPU
		{46948630-9BB9-4624-8BF9-C866F2B52674}.Debug|x64.ActiveCfg = Debug64|x64
		{46948630-9BB9-4624-8BF9-C866F2B52674}.Debug|x64.Build.0 = Debug64|x64
		{46948630-9BB9-4624-8BF9-C866F2B52674}.Debug32|Any CPU.ActiveCfg = Debug32|Any CPU
		{46948630-9BB9-4624-8BF9-C866F2B52674}.Debug32|Any CPU.Build.0 = Debug32|Any CPU
		{46948630-9BB9-4624-8BF9-C866F2B52674}.Debug32|x64.ActiveCfg = Debug32|x64
		{46948630-9BB9-4624-8BF9-C866F2B52674}.Debug32|x64.Build.0 = Debug32|x64
		{46948630-9BB9-4624-8BF9-C866F2B52674}.Debug64|Any CPU.ActiveCfg = Debug64|Any CPU
		{46948630-9BB9-4624-8BF9-C866F2B52674}.Debug64|Any CPU.Build.0 = Debug64|Any CPU
		{46948630-9BB9-4624-8BF9-C866F2B52674}.Debug64|x64.ActiveCfg = Debug64|x64
		{46948630-9BB9-4624-8BF9-C866F2B52674}.Debug64|x64.Build.0 = Debug64|x64
		{46948630-9BB9-4624-8BF9-C866F2B52674}.Release|Any CPU.ActiveCfg = Release|Any CPU
		{46948630-9BB9-4624-8BF9-C866F2B52674}.Release|Any CPU.Build.0 = Release|Any CPU
		{46948630-9BB9-4624-8BF9-C866F2B52674}.Release|x64.ActiveCfg = Release|x64
		{46948630-9BB9-4624-8BF9-C866F2B52674}.Release|x64.Build.0 = Release|x64
		{CFE27D3D-8A1A-43F9-9387-8FD9E119E174}.Debug|Any CPU.ActiveCfg = Debug|Any CPU
		{CFE27D3D-8A1A-43F9-9387-8FD9E119E174}.Debug|Any CPU.Build.0 = Debug|Any CPU
		{CFE27D3D-8A1A-43F9-9387-8FD9E119E174}.Debug|x64.ActiveCfg = Debug|Any CPU
		{CFE27D3D-8A1A-43F9-9387-8FD9E119E174}.Debug|x64.Build.0 = Debug|Any CPU
		{CFE27D3D-8A1A-43F9-9387-8FD9E119E174}.Debug32|Any CPU.ActiveCfg = Debug|Any CPU
		{CFE27D3D-8A1A-43F9-9387-8FD9E119E174}.Debug32|Any CPU.Build.0 = Debug|Any CPU
		{CFE27D3D-8A1A-43F9-9387-8FD9E119E174}.Debug32|x64.ActiveCfg = Debug|Any CPU
		{CFE27D3D-8A1A-43F9-9387-8FD9E119E174}.Debug32|x64.Build.0 = Debug|Any CPU
		{CFE27D3D-8A1A-43F9-9387-8FD9E119E174}.Debug64|Any CPU.ActiveCfg = Debug|Any CPU
		{CFE27D3D-8A1A-43F9-9387-8FD9E119E174}.Debug64|Any CPU.Build.0 = Debug|Any CPU
		{CFE27D3D-8A1A-43F9-9387-8FD9E119E174}.Debug64|x64.ActiveCfg = Debug|Any CPU
		{CFE27D3D-8A1A-43F9-9387-8FD9E119E174}.Debug64|x64.Build.0 = Debug|Any CPU
		{CFE27D3D-8A1A-43F9-9387-8FD9E119E174}.Release|Any CPU.ActiveCfg = Release|Any CPU
		{CFE27D3D-8A1A-43F9-9387-8FD9E119E174}.Release|Any CPU.Build.0 = Release|Any CPU
		{CFE27D3D-8A1A-43F9-9387-8FD9E119E174}.Release|x64.ActiveCfg = Release|Any CPU
		{CFE27D3D-8A1A-43F9-9387-8FD9E119E174}.Release|x64.Build.0 = Release|Any CPU
	EndGlobalSection
	GlobalSection(SolutionProperties) = preSolution
		HideSolutionNode = FALSE
	EndGlobalSection
	GlobalSection(ExtensibilityGlobals) = postSolution
		SolutionGuid = {7546F89E-F811-4A2C-A3E5-EA409115FEEE}
	EndGlobalSection
EndGlobal
